// !$*UTF8*$!
{
	archiveVersion = 1;
	classes = {
	};
	objectVersion = 55;
	objects = {

/* Begin PBXBuildFile section */
		836932C127D2022B00923270 /* test.swift in Sources */ = {isa = PBXBuildFile; fileRef = 836932C027D2022B00923270 /* test.swift */; };
		836B466627CA6E9F00AEF13F /* SettingMenu.swift in Sources */ = {isa = PBXBuildFile; fileRef = 836B466527CA6E9F00AEF13F /* SettingMenu.swift */; };
		836B466827CA71FE00AEF13F /* CustomMenuTableViewCell.swift in Sources */ = {isa = PBXBuildFile; fileRef = 836B466727CA71FE00AEF13F /* CustomMenuTableViewCell.swift */; };
		83BB51A427C4C2DC00D17B56 /* AppDelegate.swift in Sources */ = {isa = PBXBuildFile; fileRef = 83BB51A327C4C2DC00D17B56 /* AppDelegate.swift */; };
		83BB51A627C4C2DC00D17B56 /* SceneDelegate.swift in Sources */ = {isa = PBXBuildFile; fileRef = 83BB51A527C4C2DC00D17B56 /* SceneDelegate.swift */; };
		83BB51AB27C4C2DC00D17B56 /* Main.storyboard in Resources */ = {isa = PBXBuildFile; fileRef = 83BB51A927C4C2DC00D17B56 /* Main.storyboard */; };
		83BB51AE27C4C2DC00D17B56 /* To_do.xcdatamodeld in Sources */ = {isa = PBXBuildFile; fileRef = 83BB51AC27C4C2DC00D17B56 /* To_do.xcdatamodeld */; };
		83BB51B027C4C2DD00D17B56 /* Assets.xcassets in Resources */ = {isa = PBXBuildFile; fileRef = 83BB51AF27C4C2DD00D17B56 /* Assets.xcassets */; };
		83BB51B327C4C2DD00D17B56 /* LaunchScreen.storyboard in Resources */ = {isa = PBXBuildFile; fileRef = 83BB51B127C4C2DD00D17B56 /* LaunchScreen.storyboard */; };
		83BB51BD27C4C4C900D17B56 /* MainCellTableViewCell.swift in Sources */ = {isa = PBXBuildFile; fileRef = 83BB51BC27C4C4C900D17B56 /* MainCellTableViewCell.swift */; };
		83BB51BF27C4C86800D17B56 /* Class Data.swift in Sources */ = {isa = PBXBuildFile; fileRef = 83BB51BE27C4C86800D17B56 /* Class Data.swift */; };
		83C500B327C6593C009B0510 /* MainViewController.swift in Sources */ = {isa = PBXBuildFile; fileRef = 83C500B227C6593B009B0510 /* MainViewController.swift */; };
		83C500B527C65951009B0510 /* DetailViewController.swift in Sources */ = {isa = PBXBuildFile; fileRef = 83C500B427C65951009B0510 /* DetailViewController.swift */; };
		83C500B927C65CB6009B0510 /* DetaiCellTableViewCell.swift in Sources */ = {isa = PBXBuildFile; fileRef = 83C500B827C65CB6009B0510 /* DetaiCellTableViewCell.swift */; };
		83C5F63327D3A14400FC1D12 /* TaskMO+CoreDataClass.swift in Sources */ = {isa = PBXBuildFile; fileRef = 83C5F62B27D3A14400FC1D12 /* TaskMO+CoreDataClass.swift */; };
		83C5F63427D3A14400FC1D12 /* TaskMO+CoreDataProperties.swift in Sources */ = {isa = PBXBuildFile; fileRef = 83C5F62C27D3A14400FC1D12 /* TaskMO+CoreDataProperties.swift */; };
		83C5F63527D3A14400FC1D12 /* ListMO+CoreDataClass.swift in Sources */ = {isa = PBXBuildFile; fileRef = 83C5F62D27D3A14400FC1D12 /* ListMO+CoreDataClass.swift */; };
		83C5F63627D3A14400FC1D12 /* ListMO+CoreDataProperties.swift in Sources */ = {isa = PBXBuildFile; fileRef = 83C5F62E27D3A14400FC1D12 /* ListMO+CoreDataProperties.swift */; };
		83C5F63727D3A14400FC1D12 /* DataMO+CoreDataClass.swift in Sources */ = {isa = PBXBuildFile; fileRef = 83C5F62F27D3A14400FC1D12 /* DataMO+CoreDataClass.swift */; };
		83C5F63827D3A14400FC1D12 /* DataMO+CoreDataProperties.swift in Sources */ = {isa = PBXBuildFile; fileRef = 83C5F63027D3A14400FC1D12 /* DataMO+CoreDataProperties.swift */; };
		83C5F63927D3A14400FC1D12 /* SubTaskMO+CoreDataClass.swift in Sources */ = {isa = PBXBuildFile; fileRef = 83C5F63127D3A14400FC1D12 /* SubTaskMO+CoreDataClass.swift */; };
		83C5F63A27D3A14400FC1D12 /* SubTaskMO+CoreDataProperties.swift in Sources */ = {isa = PBXBuildFile; fileRef = 83C5F63227D3A14400FC1D12 /* SubTaskMO+CoreDataProperties.swift */; };
		83C5F63D27D3AC7900FC1D12 /* NSData+Extensions.swift in Sources */ = {isa = PBXBuildFile; fileRef = 83C5F63C27D3AC7900FC1D12 /* NSData+Extensions.swift */; };
/* End PBXBuildFile section */

/* Begin PBXFileReference section */
		836932C027D2022B00923270 /* test.swift */ = {isa = PBXFileReference; lastKnownFileType = sourcecode.swift; path = test.swift; sourceTree = "<group>"; };
		836B466527CA6E9F00AEF13F /* SettingMenu.swift */ = {isa = PBXFileReference; lastKnownFileType = sourcecode.swift; path = SettingMenu.swift; sourceTree = "<group>"; };
		836B466727CA71FE00AEF13F /* CustomMenuTableViewCell.swift */ = {isa = PBXFileReference; lastKnownFileType = sourcecode.swift; path = CustomMenuTableViewCell.swift; sourceTree = "<group>"; };
		83BB51A027C4C2DC00D17B56 /* To do.app */ = {isa = PBXFileReference; explicitFileType = wrapper.application; includeInIndex = 0; path = "To do.app"; sourceTree = BUILT_PRODUCTS_DIR; };
		83BB51A327C4C2DC00D17B56 /* AppDelegate.swift */ = {isa = PBXFileReference; lastKnownFileType = sourcecode.swift; path = AppDelegate.swift; sourceTree = "<group>"; };
		83BB51A527C4C2DC00D17B56 /* SceneDelegate.swift */ = {isa = PBXFileReference; lastKnownFileType = sourcecode.swift; path = SceneDelegate.swift; sourceTree = "<group>"; };
		83BB51AA27C4C2DC00D17B56 /* Base */ = {isa = PBXFileReference; lastKnownFileType = file.storyboard; name = Base; path = Base.lproj/Main.storyboard; sourceTree = "<group>"; };
		83BB51AD27C4C2DC00D17B56 /* To_do.xcdatamodel */ = {isa = PBXFileReference; lastKnownFileType = wrapper.xcdatamodel; path = To_do.xcdatamodel; sourceTree = "<group>"; };
		83BB51AF27C4C2DD00D17B56 /* Assets.xcassets */ = {isa = PBXFileReference; lastKnownFileType = folder.assetcatalog; path = Assets.xcassets; sourceTree = "<group>"; };
		83BB51B227C4C2DD00D17B56 /* Base */ = {isa = PBXFileReference; lastKnownFileType = file.storyboard; name = Base; path = Base.lproj/LaunchScreen.storyboard; sourceTree = "<group>"; };
		83BB51B427C4C2DD00D17B56 /* Info.plist */ = {isa = PBXFileReference; lastKnownFileType = text.plist.xml; path = Info.plist; sourceTree = "<group>"; };
		83BB51BC27C4C4C900D17B56 /* MainCellTableViewCell.swift */ = {isa = PBXFileReference; lastKnownFileType = sourcecode.swift; path = MainCellTableViewCell.swift; sourceTree = "<group>"; };
		83BB51BE27C4C86800D17B56 /* Class Data.swift */ = {isa = PBXFileReference; lastKnownFileType = sourcecode.swift; path = "Class Data.swift"; sourceTree = "<group>"; };
		83C500B227C6593B009B0510 /* MainViewController.swift */ = {isa = PBXFileReference; lastKnownFileType = sourcecode.swift; path = MainViewController.swift; sourceTree = "<group>"; };
		83C500B427C65951009B0510 /* DetailViewController.swift */ = {isa = PBXFileReference; lastKnownFileType = sourcecode.swift; path = DetailViewController.swift; sourceTree = "<group>"; };
		83C500B827C65CB6009B0510 /* DetaiCellTableViewCell.swift */ = {isa = PBXFileReference; lastKnownFileType = sourcecode.swift; path = DetaiCellTableViewCell.swift; sourceTree = "<group>"; };
		83C5F62B27D3A14400FC1D12 /* TaskMO+CoreDataClass.swift */ = {isa = PBXFileReference; lastKnownFileType = sourcecode.swift; path = "TaskMO+CoreDataClass.swift"; sourceTree = "<group>"; };
		83C5F62C27D3A14400FC1D12 /* TaskMO+CoreDataProperties.swift */ = {isa = PBXFileReference; lastKnownFileType = sourcecode.swift; path = "TaskMO+CoreDataProperties.swift"; sourceTree = "<group>"; };
		83C5F62D27D3A14400FC1D12 /* ListMO+CoreDataClass.swift */ = {isa = PBXFileReference; lastKnownFileType = sourcecode.swift; path = "ListMO+CoreDataClass.swift"; sourceTree = "<group>"; };
		83C5F62E27D3A14400FC1D12 /* ListMO+CoreDataProperties.swift */ = {isa = PBXFileReference; lastKnownFileType = sourcecode.swift; path = "ListMO+CoreDataProperties.swift"; sourceTree = "<group>"; };
		83C5F62F27D3A14400FC1D12 /* DataMO+CoreDataClass.swift */ = {isa = PBXFileReference; lastKnownFileType = sourcecode.swift; path = "DataMO+CoreDataClass.swift"; sourceTree = "<group>"; };
		83C5F63027D3A14400FC1D12 /* DataMO+CoreDataProperties.swift */ = {isa = PBXFileReference; lastKnownFileType = sourcecode.swift; path = "DataMO+CoreDataProperties.swift"; sourceTree = "<group>"; };
		83C5F63127D3A14400FC1D12 /* SubTaskMO+CoreDataClass.swift */ = {isa = PBXFileReference; lastKnownFileType = sourcecode.swift; path = "SubTaskMO+CoreDataClass.swift"; sourceTree = "<group>"; };
		83C5F63227D3A14400FC1D12 /* SubTaskMO+CoreDataProperties.swift */ = {isa = PBXFileReference; lastKnownFileType = sourcecode.swift; path = "SubTaskMO+CoreDataProperties.swift"; sourceTree = "<group>"; };
		83C5F63C27D3AC7900FC1D12 /* NSData+Extensions.swift */ = {isa = PBXFileReference; lastKnownFileType = sourcecode.swift; path = "NSData+Extensions.swift"; sourceTree = "<group>"; };
/* End PBXFileReference section */

/* Begin PBXFrameworksBuildPhase section */
		83BB519D27C4C2DC00D17B56 /* Frameworks */ = {
			isa = PBXFrameworksBuildPhase;
			buildActionMask = 2147483647;
			files = (
			);
			runOnlyForDeploymentPostprocessing = 0;
		};
/* End PBXFrameworksBuildPhase section */

/* Begin PBXGroup section */
		83BB519727C4C2DC00D17B56 = {
			isa = PBXGroup;
			children = (
				83C5F63B27D3A1AE00FC1D12 /* CoreData */,
				83BB51A227C4C2DC00D17B56 /* To do */,
				83BB51A127C4C2DC00D17B56 /* Products */,
			);
			sourceTree = "<group>";
		};
		83BB51A127C4C2DC00D17B56 /* Products */ = {
			isa = PBXGroup;
			children = (
				83BB51A027C4C2DC00D17B56 /* To do.app */,
			);
			name = Products;
			sourceTree = "<group>";
		};
		83BB51A227C4C2DC00D17B56 /* To do */ = {
			isa = PBXGroup;
			children = (
				83BB51BE27C4C86800D17B56 /* Class Data.swift */,
				83BB51A327C4C2DC00D17B56 /* AppDelegate.swift */,
				83BB51A527C4C2DC00D17B56 /* SceneDelegate.swift */,
				836B466527CA6E9F00AEF13F /* SettingMenu.swift */,
				836932C027D2022B00923270 /* test.swift */,
				83C5F63C27D3AC7900FC1D12 /* NSData+Extensions.swift */,
				83C500B627C65C83009B0510 /* ViewController */,
				83C500B727C65C8B009B0510 /* TableViewCell */,
				83BB51A927C4C2DC00D17B56 /* Main.storyboard */,
				83BB51AF27C4C2DD00D17B56 /* Assets.xcassets */,
				83BB51B127C4C2DD00D17B56 /* LaunchScreen.storyboard */,
				83BB51B427C4C2DD00D17B56 /* Info.plist */,
				83BB51AC27C4C2DC00D17B56 /* To_do.xcdatamodeld */,
			);
			path = "To do";
			sourceTree = "<group>";
		};
		83C500B627C65C83009B0510 /* ViewController */ = {
			isa = PBXGroup;
			children = (
				83C500B227C6593B009B0510 /* MainViewController.swift */,
				83C500B427C65951009B0510 /* DetailViewController.swift */,
			);
			path = ViewController;
			sourceTree = "<group>";
		};
		83C500B727C65C8B009B0510 /* TableViewCell */ = {
			isa = PBXGroup;
			children = (
				83BB51BC27C4C4C900D17B56 /* MainCellTableViewCell.swift */,
				83C500B827C65CB6009B0510 /* DetaiCellTableViewCell.swift */,
				836B466727CA71FE00AEF13F /* CustomMenuTableViewCell.swift */,
			);
			path = TableViewCell;
			sourceTree = "<group>";
		};
		83C5F63B27D3A1AE00FC1D12 /* CoreData */ = {
			isa = PBXGroup;
			children = (
				83C5F62B27D3A14400FC1D12 /* TaskMO+CoreDataClass.swift */,
				83C5F62C27D3A14400FC1D12 /* TaskMO+CoreDataProperties.swift */,
				83C5F62D27D3A14400FC1D12 /* ListMO+CoreDataClass.swift */,
				83C5F62E27D3A14400FC1D12 /* ListMO+CoreDataProperties.swift */,
				83C5F62F27D3A14400FC1D12 /* DataMO+CoreDataClass.swift */,
				83C5F63027D3A14400FC1D12 /* DataMO+CoreDataProperties.swift */,
				83C5F63127D3A14400FC1D12 /* SubTaskMO+CoreDataClass.swift */,
				83C5F63227D3A14400FC1D12 /* SubTaskMO+CoreDataProperties.swift */,
			);
			path = CoreData;
			sourceTree = "<group>";
		};
/* End PBXGroup section */

/* Begin PBXNativeTarget section */
		83BB519F27C4C2DC00D17B56 /* To do */ = {
			isa = PBXNativeTarget;
			buildConfigurationList = 83BB51B727C4C2DD00D17B56 /* Build configuration list for PBXNativeTarget "To do" */;
			buildPhases = (
				83BB519C27C4C2DC00D17B56 /* Sources */,
				83BB519D27C4C2DC00D17B56 /* Frameworks */,
				83BB519E27C4C2DC00D17B56 /* Resources */,
			);
			buildRules = (
			);
			dependencies = (
			);
			name = "To do";
			productName = "To do";
			productReference = 83BB51A027C4C2DC00D17B56 /* To do.app */;
			productType = "com.apple.product-type.application";
		};
/* End PBXNativeTarget section */

/* Begin PBXProject section */
		83BB519827C4C2DC00D17B56 /* Project object */ = {
			isa = PBXProject;
			attributes = {
				BuildIndependentTargetsInParallel = 1;
				LastSwiftUpdateCheck = 1320;
				LastUpgradeCheck = 1320;
				TargetAttributes = {
					83BB519F27C4C2DC00D17B56 = {
						CreatedOnToolsVersion = 13.2.1;
					};
				};
			};
			buildConfigurationList = 83BB519B27C4C2DC00D17B56 /* Build configuration list for PBXProject "To do" */;
			compatibilityVersion = "Xcode 13.0";
			developmentRegion = en;
			hasScannedForEncodings = 0;
			knownRegions = (
				en,
				Base,
			);
			mainGroup = 83BB519727C4C2DC00D17B56;
			productRefGroup = 83BB51A127C4C2DC00D17B56 /* Products */;
			projectDirPath = "";
			projectRoot = "";
			targets = (
				83BB519F27C4C2DC00D17B56 /* To do */,
			);
		};
/* End PBXProject section */

/* Begin PBXResourcesBuildPhase section */
		83BB519E27C4C2DC00D17B56 /* Resources */ = {
			isa = PBXResourcesBuildPhase;
			buildActionMask = 2147483647;
			files = (
				83BB51B327C4C2DD00D17B56 /* LaunchScreen.storyboard in Resources */,
				83BB51B027C4C2DD00D17B56 /* Assets.xcassets in Resources */,
				83BB51AB27C4C2DC00D17B56 /* Main.storyboard in Resources */,
			);
			runOnlyForDeploymentPostprocessing = 0;
		};
/* End PBXResourcesBuildPhase section */

/* Begin PBXSourcesBuildPhase section */
		83BB519C27C4C2DC00D17B56 /* Sources */ = {
			isa = PBXSourcesBuildPhase;
			buildActionMask = 2147483647;
			files = (
				83C5F63D27D3AC7900FC1D12 /* NSData+Extensions.swift in Sources */,
				83BB51A427C4C2DC00D17B56 /* AppDelegate.swift in Sources */,
				83C500B927C65CB6009B0510 /* DetaiCellTableViewCell.swift in Sources */,
				83BB51BF27C4C86800D17B56 /* Class Data.swift in Sources */,
				83C5F63827D3A14400FC1D12 /* DataMO+CoreDataProperties.swift in Sources */,
				83C500B527C65951009B0510 /* DetailViewController.swift in Sources */,
				83C5F63427D3A14400FC1D12 /* TaskMO+CoreDataProperties.swift in Sources */,
				83C5F63627D3A14400FC1D12 /* ListMO+CoreDataProperties.swift in Sources */,
				83C5F63A27D3A14400FC1D12 /* SubTaskMO+CoreDataProperties.swift in Sources */,
				83C5F63327D3A14400FC1D12 /* TaskMO+CoreDataClass.swift in Sources */,
				83BB51A627C4C2DC00D17B56 /* SceneDelegate.swift in Sources */,
				836B466827CA71FE00AEF13F /* CustomMenuTableViewCell.swift in Sources */,
				836B466627CA6E9F00AEF13F /* SettingMenu.swift in Sources */,
				83BB51BD27C4C4C900D17B56 /* MainCellTableViewCell.swift in Sources */,
				83BB51AE27C4C2DC00D17B56 /* To_do.xcdatamodeld in Sources */,
				83C5F63527D3A14400FC1D12 /* ListMO+CoreDataClass.swift in Sources */,
				83C500B327C6593C009B0510 /* MainViewController.swift in Sources */,
				83C5F63927D3A14400FC1D12 /* SubTaskMO+CoreDataClass.swift in Sources */,
				836932C127D2022B00923270 /* test.swift in Sources */,
				83C5F63727D3A14400FC1D12 /* DataMO+CoreDataClass.swift in Sources */,
			);
			runOnlyForDeploymentPostprocessing = 0;
		};
/* End PBXSourcesBuildPhase section */

/* Begin PBXVariantGroup section */
		83BB51A927C4C2DC00D17B56 /* Main.storyboard */ = {
			isa = PBXVariantGroup;
			children = (
				83BB51AA27C4C2DC00D17B56 /* Base */,
			);
			name = Main.storyboard;
			sourceTree = "<group>";
		};
		83BB51B127C4C2DD00D17B56 /* LaunchScreen.storyboard */ = {
			isa = PBXVariantGroup;
			children = (
				83BB51B227C4C2DD00D17B56 /* Base */,
			);
			name = LaunchScreen.storyboard;
			sourceTree = "<group>";
		};
/* End PBXVariantGroup section */

/* Begin XCBuildConfiguration section */
		83BB51B527C4C2DD00D17B56 /* Debug */ = {
			isa = XCBuildConfiguration;
			buildSettings = {
				ALWAYS_SEARCH_USER_PATHS = NO;
				CLANG_ANALYZER_NONNULL = YES;
				CLANG_ANALYZER_NUMBER_OBJECT_CONVERSION = YES_AGGRESSIVE;
				CLANG_CXX_LANGUAGE_STANDARD = "gnu++17";
				CLANG_CXX_LIBRARY = "libc++";
				CLANG_ENABLE_MODULES = YES;
				CLANG_ENABLE_OBJC_ARC = YES;
				CLANG_ENABLE_OBJC_WEAK = YES;
				CLANG_WARN_BLOCK_CAPTURE_AUTORELEASING = YES;
				CLANG_WARN_BOOL_CONVERSION = YES;
				CLANG_WARN_COMMA = YES;
				CLANG_WARN_CONSTANT_CONVERSION = YES;
				CLANG_WARN_DEPRECATED_OBJC_IMPLEMENTATIONS = YES;
				CLANG_WARN_DIRECT_OBJC_ISA_USAGE = YES_ERROR;
				CLANG_WARN_DOCUMENTATION_COMMENTS = YES;
				CLANG_WARN_EMPTY_BODY = YES;
				CLANG_WARN_ENUM_CONVERSION = YES;
				CLANG_WARN_INFINITE_RECURSION = YES;
				CLANG_WARN_INT_CONVERSION = YES;
				CLANG_WARN_NON_LITERAL_NULL_CONVERSION = YES;
				CLANG_WARN_OBJC_IMPLICIT_RETAIN_SELF = YES;
				CLANG_WARN_OBJC_LITERAL_CONVERSION = YES;
				CLANG_WARN_OBJC_ROOT_CLASS = YES_ERROR;
				CLANG_WARN_QUOTED_INCLUDE_IN_FRAMEWORK_HEADER = YES;
				CLANG_WARN_RANGE_LOOP_ANALYSIS = YES;
				CLANG_WARN_STRICT_PROTOTYPES = YES;
				CLANG_WARN_SUSPICIOUS_MOVE = YES;
				CLANG_WARN_UNGUARDED_AVAILABILITY = YES_AGGRESSIVE;
				CLANG_WARN_UNREACHABLE_CODE = YES;
				CLANG_WARN__DUPLICATE_METHOD_MATCH = YES;
				COPY_PHASE_STRIP = NO;
				DEBUG_INFORMATION_FORMAT = dwarf;
				ENABLE_STRICT_OBJC_MSGSEND = YES;
				ENABLE_TESTABILITY = YES;
				GCC_C_LANGUAGE_STANDARD = gnu11;
				GCC_DYNAMIC_NO_PIC = NO;
				GCC_NO_COMMON_BLOCKS = YES;
				GCC_OPTIMIZATION_LEVEL = 0;
				GCC_PREPROCESSOR_DEFINITIONS = (
					"DEBUG=1",
					"$(inherited)",
				);
				GCC_WARN_64_TO_32_BIT_CONVERSION = YES;
				GCC_WARN_ABOUT_RETURN_TYPE = YES_ERROR;
				GCC_WARN_UNDECLARED_SELECTOR = YES;
				GCC_WARN_UNINITIALIZED_AUTOS = YES_AGGRESSIVE;
				GCC_WARN_UNUSED_FUNCTION = YES;
				GCC_WARN_UNUSED_VARIABLE = YES;
				IPHONEOS_DEPLOYMENT_TARGET = 15.2;
				MTL_ENABLE_DEBUG_INFO = INCLUDE_SOURCE;
				MTL_FAST_MATH = YES;
				ONLY_ACTIVE_ARCH = YES;
				SDKROOT = iphoneos;
				SWIFT_ACTIVE_COMPILATION_CONDITIONS = DEBUG;
				SWIFT_OPTIMIZATION_LEVEL = "-Onone";
			};
			name = Debug;
		};
		83BB51B627C4C2DD00D17B56 /* Release */ = {
			isa = XCBuildConfiguration;
			buildSettings = {
				ALWAYS_SEARCH_USER_PATHS = NO;
				CLANG_ANALYZER_NONNULL = YES;
				CLANG_ANALYZER_NUMBER_OBJECT_CONVERSION = YES_AGGRESSIVE;
				CLANG_CXX_LANGUAGE_STANDARD = "gnu++17";
				CLANG_CXX_LIBRARY = "libc++";
				CLANG_ENABLE_MODULES = YES;
				CLANG_ENABLE_OBJC_ARC = YES;
				CLANG_ENABLE_OBJC_WEAK = YES;
				CLANG_WARN_BLOCK_CAPTURE_AUTORELEASING = YES;
				CLANG_WARN_BOOL_CONVERSION = YES;
				CLANG_WARN_COMMA = YES;
				CLANG_WARN_CONSTANT_CONVERSION = YES;
				CLANG_WARN_DEPRECATED_OBJC_IMPLEMENTATIONS = YES;
				CLANG_WARN_DIRECT_OBJC_ISA_USAGE = YES_ERROR;
				CLANG_WARN_DOCUMENTATION_COMMENTS = YES;
				CLANG_WARN_EMPTY_BODY = YES;
				CLANG_WARN_ENUM_CONVERSION = YES;
				CLANG_WARN_INFINITE_RECURSION = YES;
				CLANG_WARN_INT_CONVERSION = YES;
				CLANG_WARN_NON_LITERAL_NULL_CONVERSION = YES;
				CLANG_WARN_OBJC_IMPLICIT_RETAIN_SELF = YES;
				CLANG_WARN_OBJC_LITERAL_CONVERSION = YES;
				CLANG_WARN_OBJC_ROOT_CLASS = YES_ERROR;
				CLANG_WARN_QUOTED_INCLUDE_IN_FRAMEWORK_HEADER = YES;
				CLANG_WARN_RANGE_LOOP_ANALYSIS = YES;
				CLANG_WARN_STRICT_PROTOTYPES = YES;
				CLANG_WARN_SUSPICIOUS_MOVE = YES;
				CLANG_WARN_UNGUARDED_AVAILABILITY = YES_AGGRESSIVE;
				CLANG_WARN_UNREACHABLE_CODE = YES;
				CLANG_WARN__DUPLICATE_METHOD_MATCH = YES;
				COPY_PHASE_STRIP = NO;
				DEBUG_INFORMATION_FORMAT = "dwarf-with-dsym";
				ENABLE_NS_ASSERTIONS = NO;
				ENABLE_STRICT_OBJC_MSGSEND = YES;
				GCC_C_LANGUAGE_STANDARD = gnu11;
				GCC_NO_COMMON_BLOCKS = YES;
				GCC_WARN_64_TO_32_BIT_CONVERSION = YES;
				GCC_WARN_ABOUT_RETURN_TYPE = YES_ERROR;
				GCC_WARN_UNDECLARED_SELECTOR = YES;
				GCC_WARN_UNINITIALIZED_AUTOS = YES_AGGRESSIVE;
				GCC_WARN_UNUSED_FUNCTION = YES;
				GCC_WARN_UNUSED_VARIABLE = YES;
				IPHONEOS_DEPLOYMENT_TARGET = 15.2;
				MTL_ENABLE_DEBUG_INFO = NO;
				MTL_FAST_MATH = YES;
				SDKROOT = iphoneos;
				SWIFT_COMPILATION_MODE = wholemodule;
				SWIFT_OPTIMIZATION_LEVEL = "-O";
				VALIDATE_PRODUCT = YES;
			};
			name = Release;
		};
		83BB51B827C4C2DD00D17B56 /* Debug */ = {
			isa = XCBuildConfiguration;
			buildSettings = {
				ASSETCATALOG_COMPILER_APPICON_NAME = AppIcon;
				ASSETCATALOG_COMPILER_GLOBAL_ACCENT_COLOR_NAME = AccentColor;
				CODE_SIGN_STYLE = Automatic;
				CURRENT_PROJECT_VERSION = 1;
				DEVELOPMENT_TEAM = NS9ZL6QW8L;
				GENERATE_INFOPLIST_FILE = YES;
				INFOPLIST_FILE = "To do/Info.plist";
				INFOPLIST_KEY_UIApplicationSupportsIndirectInputEvents = YES;
				INFOPLIST_KEY_UILaunchStoryboardName = LaunchScreen;
				INFOPLIST_KEY_UIMainStoryboardFile = Main;
				INFOPLIST_KEY_UISupportedInterfaceOrientations_iPad = "UIInterfaceOrientationPortrait UIInterfaceOrientationPortraitUpsideDown UIInterfaceOrientationLandscapeLeft UIInterfaceOrientationLandscapeRight";
				INFOPLIST_KEY_UISupportedInterfaceOrientations_iPhone = "UIInterfaceOrientationPortrait UIInterfaceOrientationLandscapeLeft UIInterfaceOrientationLandscapeRight";
				LD_RUNPATH_SEARCH_PATHS = (
					"$(inherited)",
					"@executable_path/Frameworks",
				);
				MARKETING_VERSION = 1.0;
				PRODUCT_BUNDLE_IDENTIFIER = "myApp.To-do";
				PRODUCT_NAME = "$(TARGET_NAME)";
				SWIFT_EMIT_LOC_STRINGS = YES;
				SWIFT_VERSION = 5.0;
				TARGETED_DEVICE_FAMILY = "1,2";
			};
			name = Debug;
		};
		83BB51B927C4C2DD00D17B56 /* Release */ = {
			isa = XCBuildConfiguration;
			buildSettings = {
				ASSETCATALOG_COMPILER_APPICON_NAME = AppIcon;
				ASSETCATALOG_COMPILER_GLOBAL_ACCENT_COLOR_NAME = AccentColor;
				CODE_SIGN_STYLE = Automatic;
				CURRENT_PROJECT_VERSION = 1;
				DEVELOPMENT_TEAM = NS9ZL6QW8L;
				GENERATE_INFOPLIST_FILE = YES;
				INFOPLIST_FILE = "To do/Info.plist";
				INFOPLIST_KEY_UIApplicationSupportsIndirectInputEvents = YES;
				INFOPLIST_KEY_UILaunchStoryboardName = LaunchScreen;
				INFOPLIST_KEY_UIMainStoryboardFile = Main;
				INFOPLIST_KEY_UISupportedInterfaceOrientations_iPad = "UIInterfaceOrientationPortrait UIInterfaceOrientationPortraitUpsideDown UIInterfaceOrientationLandscapeLeft UIInterfaceOrientationLandscapeRight";
				INFOPLIST_KEY_UISupportedInterfaceOrientations_iPhone = "UIInterfaceOrientationPortrait UIInterfaceOrientationLandscapeLeft UIInterfaceOrientationLandscapeRight";
				LD_RUNPATH_SEARCH_PATHS = (
					"$(inherited)",
					"@executable_path/Frameworks",
				);
				MARKETING_VERSION = 1.0;
				PRODUCT_BUNDLE_IDENTIFIER = "myApp.To-do";
				PRODUCT_NAME = "$(TARGET_NAME)";
				SWIFT_EMIT_LOC_STRINGS = YES;
				SWIFT_VERSION = 5.0;
				TARGETED_DEVICE_FAMILY = "1,2";
			};
			name = Release;
		};
/* End XCBuildConfiguration section */

/* Begin XCConfigurationList section */
		83BB519B27C4C2DC00D17B56 /* Build configuration list for PBXProject "To do" */ = {
			isa = XCConfigurationList;
			buildConfigurations = (
				83BB51B527C4C2DD00D17B56 /* Debug */,
				83BB51B627C4C2DD00D17B56 /* Release */,
			);
			defaultConfigurationIsVisible = 0;
			defaultConfigurationName = Release;
		};
		83BB51B727C4C2DD00D17B56 /* Build configuration list for PBXNativeTarget "To do" */ = {
			isa = XCConfigurationList;
			buildConfigurations = (
				83BB51B827C4C2DD00D17B56 /* Debug */,
				83BB51B927C4C2DD00D17B56 /* Release */,
			);
			defaultConfigurationIsVisible = 0;
			defaultConfigurationName = Release;
		};
/* End XCConfigurationList section */

/* Begin XCVersionGroup section */
		83BB51AC27C4C2DC00D17B56 /* To_do.xcdatamodeld */ = {
			isa = XCVersionGroup;
			children = (
				83BB51AD27C4C2DC00D17B56 /* To_do.xcdatamodel */,
			);
			currentVersion = 83BB51AD27C4C2DC00D17B56 /* To_do.xcdatamodel */;
			path = To_do.xcdatamodeld;
			sourceTree = "<group>";
			versionGroupType = wrapper.xcdatamodel;
		};
/* End XCVersionGroup section */
	};
	rootObject = 83BB519827C4C2DC00D17B56 /* Project object */;
}
